
Microsoft Visual Studio Solution File, Format Version 12.00
# Visual Studio Version 17
VisualStudioVersion = 17.3.32929.385
MinimumVisualStudioVersion = 10.0.40219.1
Project("{FAE04EC0-301F-11D3-BF4B-00C04F79EFBC}") = "Examen1-INFO104", "Examen1-INFO104.csproj", "{7A4D1A56-9C32-48A5-8FBC-B4697890BB2C}"
EndProject
Global
	GlobalSection(SolutionConfigurationPlatforms) = preSolution
		Debug|Any CPU = Debug|Any CPU
		Release|Any CPU = Release|Any CPU
	EndGlobalSection
	GlobalSection(ProjectConfigurationPlatforms) = postSolution
		{7A4D1A56-9C32-48A5-8FBC-B4697890BB2C}.Debug|Any CPU.ActiveCfg = Debug|Any CPU
		{7A4D1A56-9C32-48A5-8FBC-B4697890BB2C}.Debug|Any CPU.Build.0 = Debug|Any CPU
		{7A4D1A56-9C32-48A5-8FBC-B4697890BB2C}.Release|Any CPU.ActiveCfg = Release|Any CPU
		{7A4D1A56-9C32-48A5-8FBC-B4697890BB2C}.Release|Any CPU.Build.0 = Release|Any CPU
	EndGlobalSection
	GlobalSection(SolutionProperties) = preSolution
		HideSolutionNode = FALSE
	EndGlobalSection
	GlobalSection(ExtensibilityGlobals) = postSolution
		SolutionGuid = {7E86F884-0EE1-4DC2-91A2-EB97687E93EC}
	EndGlobalSection
EndGlobal
